
Microsoft Visual Studio Solution File, Format Version 12.00
# Visual Studio Version 17
VisualStudioVersion = 17.12.35521.163
MinimumVisualStudioVersion = 10.0.40219.1
Project("{2150E333-8FDC-42A3-9474-1A3956D46DE8}") = "src", "src", "{86F78C29-BA8B-4A5E-AEB2-E655E480802B}"
EndProject
Project("{2150E333-8FDC-42A3-9474-1A3956D46DE8}") = "test", "test", "{B6E3F561-FDC6-4335-A200-C09D6B27C573}"
EndProject
Project("{2150E333-8FDC-42A3-9474-1A3956D46DE8}") = "API", "API", "{4C7CDE39-A680-4DED-B058-E45AF7F70701}"
EndProject
Project("{2150E333-8FDC-42A3-9474-1A3956D46DE8}") = "Core", "Core", "{BC93A9BF-6D45-47F0-A8C2-85A36ABF46A2}"
EndProject
Project("{FAE04EC0-301F-11D3-BF4B-00C04F79EFBC}") = "AE.Domain", "AE.Domain\AE.Domain.csproj", "{6BC9C042-4462-4B12-80F5-9DE1639EDF85}"
EndProject
Project("{FAE04EC0-301F-11D3-BF4B-00C04F79EFBC}") = "AE.Api", "AE.Api\AE.Api.csproj", "{CC64C274-8AC7-4D3D-8CC8-819972D01D43}"
EndProject
Project("{FAE04EC0-301F-11D3-BF4B-00C04F79EFBC}") = "AE.Application", "AE.Application\AE.Application.csproj", "{D6AC0EB3-3CE3-41F9-AF94-DC930F0903C5}"
EndProject
Project("{2150E333-8FDC-42A3-9474-1A3956D46DE8}") = "Infrastructure", "Infrastructure", "{7C387D9A-4385-43C3-B7A3-95F361D32E71}"
EndProject
Project("{FAE04EC0-301F-11D3-BF4B-00C04F79EFBC}") = "AE.Persistence", "AE.Persistence\AE.Persistence.csproj", "{07EC6D47-6609-4929-A27D-311465CA3B86}"
EndProject
Project("{FAE04EC0-301F-11D3-BF4B-00C04F79EFBC}") = "AE.Application.Tests", "AE.Application.Tests\AE.Application.Tests.csproj", "{5402F0AF-7B39-49CB-B055-1F3EB16F8B0C}"
EndProject
Project("{2150E333-8FDC-42A3-9474-1A3956D46DE8}") = "Solution Items", "Solution Items", "{D43CD276-8CF2-48A5-B340-485B95309812}"
	ProjectSection(SolutionItems) = preProject
		..\README.md = ..\README.md
	EndProjectSection
EndProject
Global
	GlobalSection(SolutionConfigurationPlatforms) = preSolution
		Debug|Any CPU = Debug|Any CPU
		Release|Any CPU = Release|Any CPU
	EndGlobalSection
	GlobalSection(ProjectConfigurationPlatforms) = postSolution
		{6BC9C042-4462-4B12-80F5-9DE1639EDF85}.Debug|Any CPU.ActiveCfg = Debug|Any CPU
		{6BC9C042-4462-4B12-80F5-9DE1639EDF85}.Debug|Any CPU.Build.0 = Debug|Any CPU
		{6BC9C042-4462-4B12-80F5-9DE1639EDF85}.Release|Any CPU.ActiveCfg = Release|Any CPU
		{6BC9C042-4462-4B12-80F5-9DE1639EDF85}.Release|Any CPU.Build.0 = Release|Any CPU
		{CC64C274-8AC7-4D3D-8CC8-819972D01D43}.Debug|Any CPU.ActiveCfg = Debug|Any CPU
		{CC64C274-8AC7-4D3D-8CC8-819972D01D43}.Debug|Any CPU.Build.0 = Debug|Any CPU
		{CC64C274-8AC7-4D3D-8CC8-819972D01D43}.Release|Any CPU.ActiveCfg = Release|Any CPU
		{CC64C274-8AC7-4D3D-8CC8-819972D01D43}.Release|Any CPU.Build.0 = Release|Any CPU
		{D6AC0EB3-3CE3-41F9-AF94-DC930F0903C5}.Debug|Any CPU.ActiveCfg = Debug|Any CPU
		{D6AC0EB3-3CE3-41F9-AF94-DC930F0903C5}.Debug|Any CPU.Build.0 = Debug|Any CPU
		{D6AC0EB3-3CE3-41F9-AF94-DC930F0903C5}.Release|Any CPU.ActiveCfg = Release|Any CPU
		{D6AC0EB3-3CE3-41F9-AF94-DC930F0903C5}.Release|Any CPU.Build.0 = Release|Any CPU
		{07EC6D47-6609-4929-A27D-311465CA3B86}.Debug|Any CPU.ActiveCfg = Debug|Any CPU
		{07EC6D47-6609-4929-A27D-311465CA3B86}.Debug|Any CPU.Build.0 = Debug|Any CPU
		{07EC6D47-6609-4929-A27D-311465CA3B86}.Release|Any CPU.ActiveCfg = Release|Any CPU
		{07EC6D47-6609-4929-A27D-311465CA3B86}.Release|Any CPU.Build.0 = Release|Any CPU
		{5402F0AF-7B39-49CB-B055-1F3EB16F8B0C}.Debug|Any CPU.ActiveCfg = Debug|Any CPU
		{5402F0AF-7B39-49CB-B055-1F3EB16F8B0C}.Debug|Any CPU.Build.0 = Debug|Any CPU
		{5402F0AF-7B39-49CB-B055-1F3EB16F8B0C}.Release|Any CPU.ActiveCfg = Release|Any CPU
		{5402F0AF-7B39-49CB-B055-1F3EB16F8B0C}.Release|Any CPU.Build.0 = Release|Any CPU
	EndGlobalSection
	GlobalSection(SolutionProperties) = preSolution
		HideSolutionNode = FALSE
	EndGlobalSection
	GlobalSection(NestedProjects) = preSolution
		{4C7CDE39-A680-4DED-B058-E45AF7F70701} = {86F78C29-BA8B-4A5E-AEB2-E655E480802B}
		{BC93A9BF-6D45-47F0-A8C2-85A36ABF46A2} = {86F78C29-BA8B-4A5E-AEB2-E655E480802B}
		{6BC9C042-4462-4B12-80F5-9DE1639EDF85} = {BC93A9BF-6D45-47F0-A8C2-85A36ABF46A2}
		{CC64C274-8AC7-4D3D-8CC8-819972D01D43} = {4C7CDE39-A680-4DED-B058-E45AF7F70701}
		{D6AC0EB3-3CE3-41F9-AF94-DC930F0903C5} = {BC93A9BF-6D45-47F0-A8C2-85A36ABF46A2}
		{7C387D9A-4385-43C3-B7A3-95F361D32E71} = {86F78C29-BA8B-4A5E-AEB2-E655E480802B}
		{07EC6D47-6609-4929-A27D-311465CA3B86} = {7C387D9A-4385-43C3-B7A3-95F361D32E71}
		{5402F0AF-7B39-49CB-B055-1F3EB16F8B0C} = {B6E3F561-FDC6-4335-A200-C09D6B27C573}
	EndGlobalSection
EndGlobal
